{
  "lockfileVersion": 1,
  "workspaces": {
    "": {
      "name": "agent",
      "dependencies": {
        "effect": "^3.21.2",
      },
      "devDependencies": {
        "@types/bun": "^1.3.14",
        "typescript": "^5.9.3",
      },
    },
    "packages/adapters": {
      "name": "@efferent/adapters",
      "version": "0.0.0",
      "dependencies": {
        "@effect/ai": "^0.35.0",
        "@effect/ai-google": "^0.14.0",
        "@effect/ai-openai": "^0.39.2",
        "@effect/experimental": "^0.60.0",
        "@effect/platform": "^0.96.1",
        "@effect/sql": "^0.51.1",
        "@effect/sql-pg": "^0.52.1",
        "@effect/sql-sqlite-bun": "^0.52.0",
        "@efferent/core": "workspace:*",
        "effect": "^3.21.2",
      },
    },
    "packages/cli": {
      "name": "efferent",
      "version": "0.0.0",
      "bin": {
        "efferent": "dist/efferent.js",
        "eff": "dist/efferent.js",
      },
      "devDependencies": {
        "@effect/ai": "^0.35.0",
        "@effect/cli": "^0.75.1",
        "@effect/platform": "^0.96.1",
        "@effect/platform-bun": "^0.89.0",
        "@efferent/adapters": "workspace:*",
        "@efferent/core": "workspace:*",
        "effect": "^3.21.2",
      },
    },
    "packages/core": {
      "name": "@efferent/core",
      "version": "0.0.0",
      "dependencies": {
        "@effect/ai": "^0.35.0",
        "effect": "^3.21.2",
      },
    },
    "packages/evals": {
      "name": "@efferent/evals",
      "version": "0.0.0",
      "dependencies": {
        "@effect/ai": "^0.35.0",
        "@effect/platform-bun": "^0.89.0",
        "@efferent/adapters": "workspace:*",
        "@efferent/core": "workspace:*",
        "effect": "^3.21.2",
      },
    },
  },
  "packages": {
    "@effect/ai": ["@effect/ai@0.35.0", "", { "dependencies": { "find-my-way-ts": "^0.1.6" }, "peerDependencies": { "@effect/experimental": "^0.60.0", "@effect/platform": "^0.96.0", "@effect/rpc": "^0.75.0", "effect": "^3.21.0" } }, "sha512-VOYFBN/TpHC0sB5AhUGOEJzOTEnuo2bbDtQcDDsU7ffHaE8ZbqZj1CuSHgifbmqMaY9+xofsKMazQZ3jlZfPSw=="],

    "@effect/ai-google": ["@effect/ai-google@0.14.0", "", { "peerDependencies": { "@effect/ai": "^0.35.0", "@effect/experimental": "^0.60.0", "@effect/platform": "^0.96.0", "effect": "^3.21.0" } }, "sha512-lQG3T5wT31L9a1FuIr7IhYbC6dq0ClqXs3CqJKSiF0IMVpxC/2ZPREbhd5O4dKrT+6JyWmxP54Uv04DTt/0cJQ=="],

    "@effect/ai-openai": ["@effect/ai-openai@0.39.2", "", { "dependencies": { "gpt-tokenizer": "^2.9.0" }, "peerDependencies": { "@effect/ai": "^0.35.0", "@effect/experimental": "^0.60.0", "@effect/platform": "^0.96.0", "effect": "^3.21.1" } }, "sha512-b+9pUgpeadRCFx6ozPq+E9Fd0jMd4BIEGkn+FWYe090/WhHluth/sCYYKI+ShytBbcwP6KBuw+gVQYaDAoGrkQ=="],

    "@effect/cli": ["@effect/cli@0.75.1", "", { "dependencies": { "ini": "^4.1.3", "toml": "^3.0.0", "yaml": "^2.5.0" }, "peerDependencies": { "@effect/platform": "^0.96.0", "@effect/printer": "^0.49.0", "@effect/printer-ansi": "^0.49.0", "effect": "^3.21.1" } }, "sha512-aDZ1OZzaFAb6NyBOrP+Bl52eICds5ERI9aa67LzloJELt5SCWeNwthtaEacBvvMkwVUcykJ+YHcGCkD1t47g8g=="],

    "@effect/cluster": ["@effect/cluster@0.58.2", "", { "dependencies": { "kubernetes-types": "^1.30.0" }, "peerDependencies": { "@effect/platform": "^0.96.1", "@effect/rpc": "^0.75.1", "@effect/sql": "^0.51.1", "@effect/workflow": "^0.18.0", "effect": "^3.21.2" } }, "sha512-oxQ3zUhXq0mJA7Y4TliALMP39Bx0LtAIxcqOW1Bdjh6uk+nG7kul/Puw80SwlcYGv3ul50SG+gvSRUTXB8d3JQ=="],

    "@effect/experimental": ["@effect/experimental@0.60.0", "", { "dependencies": { "uuid": "^11.0.3" }, "peerDependencies": { "@effect/platform": "^0.96.0", "effect": "^3.21.0", "ioredis": "^5", "lmdb": "^3" }, "optionalPeers": ["ioredis", "lmdb"] }, "sha512-i5zIg7Xup2KgHyqHlYtkgqSE1bNzCL0GbbTQxrpIzKF0q/ebknOk/ox8B/gIq2vImjoEE81h/oxU+6i1NH210g=="],

    "@effect/platform": ["@effect/platform@0.96.1", "", { "dependencies": { "find-my-way-ts": "^0.1.6", "msgpackr": "^1.11.10", "multipasta": "^0.2.7" }, "peerDependencies": { "effect": "^3.21.2" } }, "sha512-cjB1QZZYEP8JXCFNGvBLVi0T6YUBQTmOVEUA3SDbiQ6RUO+p6CE3eyD2vMWmrz5nE8yY5QSAuOV9v0boEcUv+A=="],

    "@effect/platform-bun": ["@effect/platform-bun@0.89.0", "", { "dependencies": { "@effect/platform-node-shared": "^0.59.0", "multipasta": "^0.2.7" }, "peerDependencies": { "@effect/cluster": "^0.58.0", "@effect/platform": "^0.96.0", "@effect/rpc": "^0.75.0", "@effect/sql": "^0.51.0", "effect": "^3.21.0" } }, "sha512-ReT5f2vujJfffMOBexrgwJd2RLxgfr2G0c1FyCsoflcjdQJ7RZE3cwHDp1M3hAzmG67wWAssMHqLsX6H/n27sQ=="],

    "@effect/platform-node-shared": ["@effect/platform-node-shared@0.59.0", "", { "dependencies": { "@parcel/watcher": "^2.5.1", "multipasta": "^0.2.7", "ws": "^8.18.2" }, "peerDependencies": { "@effect/cluster": "^0.58.0", "@effect/platform": "^0.96.0", "@effect/rpc": "^0.75.0", "@effect/sql": "^0.51.0", "effect": "^3.21.0" } }, "sha512-3bq2YKKfLY7UFauZSxqZUneCXoA3SMSls82V+0RKunvRlfPuPQW0hVn6t1RkvEdh0PDoygWG2mZXYQa6Iqgp9A=="],

    "@effect/printer": ["@effect/printer@0.38.19", "", { "peerDependencies": { "@effect/typeclass": "^0.29.19", "effect": "^3.10.19" } }, "sha512-BbFjB3oat5vGnuGpy817mk3WQCtRmRE6LNRTk+gCyS6iGEcMIhFK1VyUVopSWjbZ6nwBbE5GbBYZsfd42zKabA=="],

    "@effect/printer-ansi": ["@effect/printer-ansi@0.38.19", "", { "dependencies": { "@effect/printer": "^0.38.19" }, "peerDependencies": { "@effect/typeclass": "^0.29.19", "effect": "^3.10.19" } }, "sha512-/4HsPrNO+4wzNthQeqT6uYCyL9R26jvaE52u2GYwJIYHmx6hUcWjJOr71kpCg2bPI+I6iCCkhSTRBHTrn7wKLg=="],

    "@effect/rpc": ["@effect/rpc@0.75.1", "", { "dependencies": { "msgpackr": "^1.11.10" }, "peerDependencies": { "@effect/platform": "^0.96.1", "effect": "^3.21.2" } }, "sha512-8yxF8+mMGGEbF8BUCp34HjdJj7CvTpGeZxBcpsDF6v7zPiGbJL1UDLzA8ZqYjmcngBHhPecbmeONTk/LiLAaEg=="],

    "@effect/sql": ["@effect/sql@0.51.1", "", { "dependencies": { "uuid": "^11.0.3" }, "peerDependencies": { "@effect/experimental": "^0.60.0", "@effect/platform": "^0.96.1", "effect": "^3.21.2" } }, "sha512-iPDAefrJcI0HcTk9keP9Gq8Pg08K1HmpnmZZt85AqyTcvorhoNsXDFiKBbPldfV2CortwVkacX8KjO9GPpSYCA=="],

    "@effect/sql-pg": ["@effect/sql-pg@0.52.1", "", { "dependencies": { "pg": "^8.16.3", "pg-connection-string": "2.9.1", "pg-cursor": "^2.15.3", "pg-pool": "^3.10.1", "pg-types": "^4.1.0" }, "peerDependencies": { "@effect/experimental": "^0.60.0", "@effect/platform": "^0.96.0", "@effect/sql": "^0.51.0", "effect": "^3.21.0" } }, "sha512-Lp0Zjas77WQ/AfWZ/FzzCOkyGCpx+wB2FXNHStzM4GrHEvwUYQoYQxMxdz5r7K+EUiZOPlxy/SBLVVReVIovjw=="],

    "@effect/sql-sqlite-bun": ["@effect/sql-sqlite-bun@0.52.0", "", { "peerDependencies": { "@effect/experimental": "^0.60.0", "@effect/platform": "^0.96.0", "@effect/sql": "^0.51.0", "effect": "^3.21.0" } }, "sha512-iqQ7SvSNxq0HLjKW5IQ29FsCTzOD1CuX1wuBEuPLLgPCvuEykEHLn4zDrs2qJ+O3CBEUm4kiCy29tmfHE7uAdw=="],

    "@effect/typeclass": ["@effect/typeclass@0.29.19", "", { "peerDependencies": { "effect": "^3.10.19" } }, "sha512-nVbPVbad5YralGdKUZun9ySDmyWx4f0v/MxSaET7ZU3+g9N0e3D3LcGgRo0SuZtVREgsH+5EhZpdgaGiShwtHg=="],

    "@effect/workflow": ["@effect/workflow@0.18.1", "", { "peerDependencies": { "@effect/experimental": "^0.60.0", "@effect/platform": "^0.96.1", "@effect/rpc": "^0.75.1", "effect": "^3.21.2" } }, "sha512-FxsUxkyvd7CyN7tw4bQgmAJv8tf8hUwy72bwGYzKGpeuiEObiUKgO1pg8xM49gB6EtwOdVRJhytwcFc8eM/6ow=="],

    "@efferent/adapters": ["@efferent/adapters@workspace:packages/adapters"],

    "@efferent/core": ["@efferent/core@workspace:packages/core"],

    "@efferent/evals": ["@efferent/evals@workspace:packages/evals"],

    "@msgpackr-extract/msgpackr-extract-darwin-arm64": ["@msgpackr-extract/msgpackr-extract-darwin-arm64@3.0.3", "", { "os": "darwin", "cpu": "arm64" }, "sha512-QZHtlVgbAdy2zAqNA9Gu1UpIuI8Xvsd1v8ic6B2pZmeFnFcMWiPLfWXh7TVw4eGEZ/C9TH281KwhVoeQUKbyjw=="],

    "@msgpackr-extract/msgpackr-extract-darwin-x64": ["@msgpackr-extract/msgpackr-extract-darwin-x64@3.0.3", "", { "os": "darwin", "cpu": "x64" }, "sha512-mdzd3AVzYKuUmiWOQ8GNhl64/IoFGol569zNRdkLReh6LRLHOXxU4U8eq0JwaD8iFHdVGqSy4IjFL4reoWCDFw=="],

    "@msgpackr-extract/msgpackr-extract-linux-arm": ["@msgpackr-extract/msgpackr-extract-linux-arm@3.0.3", "", { "os": "linux", "cpu": "arm" }, "sha512-fg0uy/dG/nZEXfYilKoRe7yALaNmHoYeIoJuJ7KJ+YyU2bvY8vPv27f7UKhGRpY6euFYqEVhxCFZgAUNQBM3nw=="],

    "@msgpackr-extract/msgpackr-extract-linux-arm64": ["@msgpackr-extract/msgpackr-extract-linux-arm64@3.0.3", "", { "os": "linux", "cpu": "arm64" }, "sha512-YxQL+ax0XqBJDZiKimS2XQaf+2wDGVa1enVRGzEvLLVFeqa5kx2bWbtcSXgsxjQB7nRqqIGFIcLteF/sHeVtQg=="],

    "@msgpackr-extract/msgpackr-extract-linux-x64": ["@msgpackr-extract/msgpackr-extract-linux-x64@3.0.3", "", { "os": "linux", "cpu": "x64" }, "sha512-cvwNfbP07pKUfq1uH+S6KJ7dT9K8WOE4ZiAcsrSes+UY55E/0jLYc+vq+DO7jlmqRb5zAggExKm0H7O/CBaesg=="],

    "@msgpackr-extract/msgpackr-extract-win32-x64": ["@msgpackr-extract/msgpackr-extract-win32-x64@3.0.3", "", { "os": "win32", "cpu": "x64" }, "sha512-x0fWaQtYp4E6sktbsdAqnehxDgEc/VwM7uLsRCYWaiGu0ykYdZPiS8zCWdnjHwyiumousxfBm4SO31eXqwEZhQ=="],

    "@parcel/watcher": ["@parcel/watcher@2.5.6", "", { "dependencies": { "detect-libc": "^2.0.3", "is-glob": "^4.0.3", "node-addon-api": "^7.0.0", "picomatch": "^4.0.3" }, "optionalDependencies": { "@parcel/watcher-android-arm64": "2.5.6", "@parcel/watcher-darwin-arm64": "2.5.6", "@parcel/watcher-darwin-x64": "2.5.6", "@parcel/watcher-freebsd-x64": "2.5.6", "@parcel/watcher-linux-arm-glibc": "2.5.6", "@parcel/watcher-linux-arm-musl": "2.5.6", "@parcel/watcher-linux-arm64-glibc": "2.5.6", "@parcel/watcher-linux-arm64-musl": "2.5.6", "@parcel/watcher-linux-x64-glibc": "2.5.6", "@parcel/watcher-linux-x64-musl": "2.5.6", "@parcel/watcher-win32-arm64": "2.5.6", "@parcel/watcher-win32-ia32": "2.5.6", "@parcel/watcher-win32-x64": "2.5.6" } }, "sha512-tmmZ3lQxAe/k/+rNnXQRawJ4NjxO2hqiOLTHvWchtGZULp4RyFeh6aU4XdOYBFe2KE1oShQTv4AblOs2iOrNnQ=="],

    "@parcel/watcher-android-arm64": ["@parcel/watcher-android-arm64@2.5.6", "", { "os": "android", "cpu": "arm64" }, "sha512-YQxSS34tPF/6ZG7r/Ih9xy+kP/WwediEUsqmtf0cuCV5TPPKw/PQHRhueUo6JdeFJaqV3pyjm0GdYjZotbRt/A=="],

    "@parcel/watcher-darwin-arm64": ["@parcel/watcher-darwin-arm64@2.5.6", "", { "os": "darwin", "cpu": "arm64" }, "sha512-Z2ZdrnwyXvvvdtRHLmM4knydIdU9adO3D4n/0cVipF3rRiwP+3/sfzpAwA/qKFL6i1ModaabkU7IbpeMBgiVEA=="],

    "@parcel/watcher-darwin-x64": ["@parcel/watcher-darwin-x64@2.5.6", "", { "os": "darwin", "cpu": "x64" }, "sha512-HgvOf3W9dhithcwOWX9uDZyn1lW9R+7tPZ4sug+NGrGIo4Rk1hAXLEbcH1TQSqxts0NYXXlOWqVpvS1SFS4fRg=="],

    "@parcel/watcher-freebsd-x64": ["@parcel/watcher-freebsd-x64@2.5.6", "", { "os": "freebsd", "cpu": "x64" }, "sha512-vJVi8yd/qzJxEKHkeemh7w3YAn6RJCtYlE4HPMoVnCpIXEzSrxErBW5SJBgKLbXU3WdIpkjBTeUNtyBVn8TRng=="],

    "@parcel/watcher-linux-arm-glibc": ["@parcel/watcher-linux-arm-glibc@2.5.6", "", { "os": "linux", "cpu": "arm" }, "sha512-9JiYfB6h6BgV50CCfasfLf/uvOcJskMSwcdH1PHH9rvS1IrNy8zad6IUVPVUfmXr+u+Km9IxcfMLzgdOudz9EQ=="],

    "@parcel/watcher-linux-arm-musl": ["@parcel/watcher-linux-arm-musl@2.5.6", "", { "os": "linux", "cpu": "arm" }, "sha512-Ve3gUCG57nuUUSyjBq/MAM0CzArtuIOxsBdQ+ftz6ho8n7s1i9E1Nmk/xmP323r2YL0SONs1EuwqBp2u1k5fxg=="],

    "@parcel/watcher-linux-arm64-glibc": ["@parcel/watcher-linux-arm64-glibc@2.5.6", "", { "os": "linux", "cpu": "arm64" }, "sha512-f2g/DT3NhGPdBmMWYoxixqYr3v/UXcmLOYy16Bx0TM20Tchduwr4EaCbmxh1321TABqPGDpS8D/ggOTaljijOA=="],

    "@parcel/watcher-linux-arm64-musl": ["@parcel/watcher-linux-arm64-musl@2.5.6", "", { "os": "linux", "cpu": "arm64" }, "sha512-qb6naMDGlbCwdhLj6hgoVKJl2odL34z2sqkC7Z6kzir8b5W65WYDpLB6R06KabvZdgoHI/zxke4b3zR0wAbDTA=="],

    "@parcel/watcher-linux-x64-glibc": ["@parcel/watcher-linux-x64-glibc@2.5.6", "", { "os": "linux", "cpu": "x64" }, "sha512-kbT5wvNQlx7NaGjzPFu8nVIW1rWqV780O7ZtkjuWaPUgpv2NMFpjYERVi0UYj1msZNyCzGlaCWEtzc+exjMGbQ=="],

    "@parcel/watcher-linux-x64-musl": ["@parcel/watcher-linux-x64-musl@2.5.6", "", { "os": "linux", "cpu": "x64" }, "sha512-1JRFeC+h7RdXwldHzTsmdtYR/Ku8SylLgTU/reMuqdVD7CtLwf0VR1FqeprZ0eHQkO0vqsbvFLXUmYm/uNKJBg=="],

    "@parcel/watcher-win32-arm64": ["@parcel/watcher-win32-arm64@2.5.6", "", { "os": "win32", "cpu": "arm64" }, "sha512-3ukyebjc6eGlw9yRt678DxVF7rjXatWiHvTXqphZLvo7aC5NdEgFufVwjFfY51ijYEWpXbqF5jtrK275z52D4Q=="],

    "@parcel/watcher-win32-ia32": ["@parcel/watcher-win32-ia32@2.5.6", "", { "os": "win32", "cpu": "ia32" }, "sha512-k35yLp1ZMwwee3Ez/pxBi5cf4AoBKYXj00CZ80jUz5h8prpiaQsiRPKQMxoLstNuqe2vR4RNPEAEcjEFzhEz/g=="],

    "@parcel/watcher-win32-x64": ["@parcel/watcher-win32-x64@2.5.6", "", { "os": "win32", "cpu": "x64" }, "sha512-hbQlYcCq5dlAX9Qx+kFb0FHue6vbjlf0FrNzSKdYK2APUf7tGfGxQCk2ihEREmbR6ZMc0MVAD5RIX/41gpUzTw=="],

    "@standard-schema/spec": ["@standard-schema/spec@1.1.0", "", {}, "sha512-l2aFy5jALhniG5HgqrD6jXLi/rUWrKvqN/qJx6yoJsgKhblVd+iqqU4RCXavm/jPityDo5TCvKMnpjKnOriy0w=="],

    "@types/bun": ["@types/bun@1.3.14", "", { "dependencies": { "bun-types": "1.3.14" } }, "sha512-h1hFqFVcvAvD9j9K7ZW7vd82aSA+rTdznZa+5bwvCwqSB1jmmfLcbIWhOLx1/+boy/xmjgCs/OMUL8hRJSmnPw=="],

    "@types/node": ["@types/node@25.9.1", "", { "dependencies": { "undici-types": ">=7.24.0 <7.24.7" } }, "sha512-xfrlY7UD5rMJk3ZVJP8BNzS28J36YJg+xp+LPXV1TdWxr8uMH5A860QNxYDGQe/ylDSgjxE52Q9VnO7p75tJxg=="],

    "bun-types": ["bun-types@1.3.14", "", { "dependencies": { "@types/node": "*" } }, "sha512-4N0ig0fEomHt5R0KCFWjovxow98rIoRwKolrYdCcknNwMekCXRnWEUvgu5soYV8QXtVsrUD8B95MBOZGPvr6KQ=="],

    "detect-libc": ["detect-libc@2.1.2", "", {}, "sha512-Btj2BOOO83o3WyH59e8MgXsxEQVcarkUOpEYrubB0urwnN10yQ364rsiByU11nZlqWYZm05i/of7io4mzihBtQ=="],

    "effect": ["effect@3.21.2", "", { "dependencies": { "@standard-schema/spec": "^1.0.0", "fast-check": "^3.23.1" } }, "sha512-rXd2FGDM8KdjSIrc+mqEELo7ScW7xTVxEf1iInmPSpIde9/nyGuFM710cjTo7/EreGXiUX2MOonPpprbz2XHCg=="],

    "efferent": ["efferent@workspace:packages/cli"],

    "fast-check": ["fast-check@3.23.2", "", { "dependencies": { "pure-rand": "^6.1.0" } }, "sha512-h5+1OzzfCC3Ef7VbtKdcv7zsstUQwUDlYpUTvjeUsJAssPgLn7QzbboPtL5ro04Mq0rPOsMzl7q5hIbRs2wD1A=="],

    "find-my-way-ts": ["find-my-way-ts@0.1.6", "", {}, "sha512-a85L9ZoXtNAey3Y6Z+eBWW658kO/MwR7zIafkIUPUMf3isZG0NCs2pjW2wtjxAKuJPxMAsHUIP4ZPGv0o5gyTA=="],

    "gpt-tokenizer": ["gpt-tokenizer@2.9.0", "", {}, "sha512-YSpexBL/k4bfliAzMrRqn3M6+it02LutVyhVpDeMKrC/O9+pCe/5s8U2hYKa2vFLD5/vHhsKc8sOn/qGqII8Kg=="],

    "ini": ["ini@4.1.3", "", {}, "sha512-X7rqawQBvfdjS10YU1y1YVreA3SsLrW9dX2CewP2EbBJM4ypVNLDkO5y04gejPwKIY9lR+7r9gn3rFPt/kmWFg=="],

    "is-extglob": ["is-extglob@2.1.1", "", {}, "sha512-SbKbANkN603Vi4jEZv49LeVJMn4yGwsbzZworEoyEiutsN3nJYdbO36zfhGJ6QEDpOZIFkDtnq5JRxmvl3jsoQ=="],

    "is-glob": ["is-glob@4.0.3", "", { "dependencies": { "is-extglob": "^2.1.1" } }, "sha512-xelSayHH36ZgE7ZWhli7pW34hNbNl8Ojv5KVmkJD4hBdD3th8Tfk9vYasLM+mXWOZhFkgZfxhLSnrwRr4elSSg=="],

    "kubernetes-types": ["kubernetes-types@1.30.0", "", {}, "sha512-Dew1okvhM/SQcIa2rcgujNndZwU8VnSapDgdxlYoB84ZlpAD43U6KLAFqYo17ykSFGHNPrg0qry0bP+GJd9v7Q=="],

    "msgpackr": ["msgpackr@1.11.12", "", { "optionalDependencies": { "msgpackr-extract": "^3.0.2" } }, "sha512-RBdJ1Un7yGlXWajrkxcSa93nvQ0w4zBf60c0yYv7YtBelP8H2FA7XsfBbMHtXKXUMUxH7zV3Zuozh+kUQWhHvg=="],

    "msgpackr-extract": ["msgpackr-extract@3.0.3", "", { "dependencies": { "node-gyp-build-optional-packages": "5.2.2" }, "optionalDependencies": { "@msgpackr-extract/msgpackr-extract-darwin-arm64": "3.0.3", "@msgpackr-extract/msgpackr-extract-darwin-x64": "3.0.3", "@msgpackr-extract/msgpackr-extract-linux-arm": "3.0.3", "@msgpackr-extract/msgpackr-extract-linux-arm64": "3.0.3", "@msgpackr-extract/msgpackr-extract-linux-x64": "3.0.3", "@msgpackr-extract/msgpackr-extract-win32-x64": "3.0.3" }, "bin": { "download-msgpackr-prebuilds": "bin/download-prebuilds.js" } }, "sha512-P0efT1C9jIdVRefqjzOQ9Xml57zpOXnIuS+csaB4MdZbTdmGDLo8XhzBG1N7aO11gKDDkJvBLULeFTo46wwreA=="],

    "multipasta": ["multipasta@0.2.7", "", {}, "sha512-KPA58d68KgGil15oDqXjkUBEBYc00XvbPj5/X+dyzeo/lWm9Nc25pQRlf1D+gv4OpK7NM0J1odrbu9JNNGvynA=="],

    "node-addon-api": ["node-addon-api@7.1.1", "", {}, "sha512-5m3bsyrjFWE1xf7nz7YXdN4udnVtXK6/Yfgn5qnahL6bCkf2yKt4k3nuTKAtT4r3IG8JNR2ncsIMdZuAzJjHQQ=="],

    "node-gyp-build-optional-packages": ["node-gyp-build-optional-packages@5.2.2", "", { "dependencies": { "detect-libc": "^2.0.1" }, "bin": { "node-gyp-build-optional-packages": "bin.js", "node-gyp-build-optional-packages-optional": "optional.js", "node-gyp-build-optional-packages-test": "build-test.js" } }, "sha512-s+w+rBWnpTMwSFbaE0UXsRlg7hU4FjekKU4eyAih5T8nJuNZT1nNsskXpxmeqSK9UzkBl6UgRlnKc8hz8IEqOw=="],

    "obuf": ["obuf@1.1.2", "", {}, "sha512-PX1wu0AmAdPqOL1mWhqmlOd8kOIZQwGZw6rh7uby9fTc5lhaOWFLX3I6R1hrF9k3zUY40e6igsLGkDXK92LJNg=="],

    "pg": ["pg@8.21.0", "", { "dependencies": { "pg-connection-string": "^2.13.0", "pg-pool": "^3.14.0", "pg-protocol": "^1.14.0", "pg-types": "2.2.0", "pgpass": "1.0.5" }, "optionalDependencies": { "pg-cloudflare": "^1.4.0" }, "peerDependencies": { "pg-native": ">=3.0.1" }, "optionalPeers": ["pg-native"] }, "sha512-AUP1EYJuHraQGsVoCQVIcM7TEJVGtDzxWtGFZd8rds9d+CCXlU5Js1rYgfLNvxy9iJrpHjGrRjoi/3BT9fRyiA=="],

    "pg-cloudflare": ["pg-cloudflare@1.4.0", "", {}, "sha512-Vo7z/6rrQYxpNRylp4Tlob2elzbh+N/MOQbxFVWCxS7oEx6jF53GTJFxK2WWpKuBRkmiin4Mt+xofFDjx09R0A=="],

    "pg-connection-string": ["pg-connection-string@2.9.1", "", {}, "sha512-nkc6NpDcvPVpZXxrreI/FOtX3XemeLl8E0qFr6F2Lrm/I8WOnaWNhIPK2Z7OHpw7gh5XJThi6j6ppgNoaT1w4w=="],

    "pg-cursor": ["pg-cursor@2.20.0", "", { "peerDependencies": { "pg": "^8" } }, "sha512-HP/EbUafheaUOs7DxlG6tda/rhmsX2hCTJJJ+gCnhljGyNEs6pBHddbNuomlW3DqEhP3zYD+GqBWkYnJPIZ4tA=="],

    "pg-int8": ["pg-int8@1.0.1", "", {}, "sha512-WCtabS6t3c8SkpDBUlb1kjOs7l66xsGdKpIPZsg4wR+B3+u9UAum2odSsF9tnvxg80h4ZxLWMy4pRjOsFIqQpw=="],

    "pg-numeric": ["pg-numeric@1.0.2", "", {}, "sha512-BM/Thnrw5jm2kKLE5uJkXqqExRUY/toLHda65XgFTBTFYZyopbKjBe29Ii3RbkvlsMoFwD+tHeGaCjjv0gHlyw=="],

    "pg-pool": ["pg-pool@3.14.0", "", { "peerDependencies": { "pg": ">=8.0" } }, "sha512-gKtPkFdQPU3DksooVLi9LsjZxrsBUZIpa+7aVx+LV5pNh0KzP4Zleud2po+ConrxbuXGBJ6Hfer6hdgpIBpBaw=="],

    "pg-protocol": ["pg-protocol@1.14.0", "", {}, "sha512-n5taZ1kO3s9ngDTVxsEznOqCyToTgz0FLuPq0B33COy5pPpuWJpY3/2oRBVETuOgzdqRXfWpM9HIhp2LBBT1BA=="],

    "pg-types": ["pg-types@4.1.0", "", { "dependencies": { "pg-int8": "1.0.1", "pg-numeric": "1.0.2", "postgres-array": "~3.0.1", "postgres-bytea": "~3.0.0", "postgres-date": "~2.1.0", "postgres-interval": "^3.0.0", "postgres-range": "^1.1.1" } }, "sha512-o2XFanIMy/3+mThw69O8d4n1E5zsLhdO+OPqswezu7Z5ekP4hYDqlDjlmOpYMbzY2Br0ufCwJLdDIXeNVwcWFg=="],

    "pgpass": ["pgpass@1.0.5", "", { "dependencies": { "split2": "^4.1.0" } }, "sha512-FdW9r/jQZhSeohs1Z3sI1yxFQNFvMcnmfuj4WBMUTxOrAyLMaTcE1aAMBiTlbMNaXvBCQuVi0R7hd8udDSP7ug=="],

    "picomatch": ["picomatch@4.0.4", "", {}, "sha512-QP88BAKvMam/3NxH6vj2o21R6MjxZUAd6nlwAS/pnGvN9IVLocLHxGYIzFhg6fUQ+5th6P4dv4eW9jX3DSIj7A=="],

    "postgres-array": ["postgres-array@3.0.4", "", {}, "sha512-nAUSGfSDGOaOAEGwqsRY27GPOea7CNipJPOA7lPbdEpx5Kg3qzdP0AaWC5MlhTWV9s4hFX39nomVZ+C4tnGOJQ=="],

    "postgres-bytea": ["postgres-bytea@3.0.0", "", { "dependencies": { "obuf": "~1.1.2" } }, "sha512-CNd4jim9RFPkObHSjVHlVrxoVQXz7quwNFpz7RY1okNNme49+sVyiTvTRobiLV548Hx/hb1BG+iE7h9493WzFw=="],

    "postgres-date": ["postgres-date@2.1.0", "", {}, "sha512-K7Juri8gtgXVcDfZttFKVmhglp7epKb1K4pgrkLxehjqkrgPhfG6OO8LHLkfaqkbpjNRnra018XwAr1yQFWGcA=="],

    "postgres-interval": ["postgres-interval@3.0.0", "", {}, "sha512-BSNDnbyZCXSxgA+1f5UU2GmwhoI0aU5yMxRGO8CdFEcY2BQF9xm/7MqKnYoM1nJDk8nONNWDk9WeSmePFhQdlw=="],

    "postgres-range": ["postgres-range@1.1.4", "", {}, "sha512-i/hbxIE9803Alj/6ytL7UHQxRvZkI9O4Sy+J3HGc4F4oo/2eQAjTSNJ0bfxyse3bH0nuVesCk+3IRLaMtG3H6w=="],

    "pure-rand": ["pure-rand@6.1.0", "", {}, "sha512-bVWawvoZoBYpp6yIoQtQXHZjmz35RSVHnUOTefl8Vcjr8snTPY1wnpSPMWekcFwbxI6gtmT7rSYPFvz71ldiOA=="],

    "split2": ["split2@4.2.0", "", {}, "sha512-UcjcJOWknrNkF6PLX83qcHM6KHgVKNkV62Y8a5uYDVv9ydGQVwAHMKqHdJje1VTWpljG0WYpCDhrCdAOYH4TWg=="],

    "toml": ["toml@3.0.0", "", {}, "sha512-y/mWCZinnvxjTKYhJ+pYxwD0mRLVvOtdS2Awbgxln6iEnt4rk0yBxeSBHkGJcPucRiG0e55mwWp+g/05rsrd6w=="],

    "typescript": ["typescript@5.9.3", "", { "bin": { "tsc": "bin/tsc", "tsserver": "bin/tsserver" } }, "sha512-jl1vZzPDinLr9eUt3J/t7V6FgNEw9QjvBPdysz9KfQDD41fQrC2Y4vKQdiaUpFT4bXlb1RHhLpp8wtm6M5TgSw=="],

    "undici-types": ["undici-types@7.24.6", "", {}, "sha512-WRNW+sJgj5OBN4/0JpHFqtqzhpbnV0GuB+OozA9gCL7a993SmU+1JBZCzLNxYsbMfIeDL+lTsphD5jN5N+n0zg=="],

    "uuid": ["uuid@11.1.1", "", { "bin": { "uuid": "dist/esm/bin/uuid" } }, "sha512-vIYxrBCC/N/K+Js3qSN88go7kIfNPssr/hHCesKCQNAjmgvYS2oqr69kIufEG+O4+PfezOH4EbIeHCfFov8ZgQ=="],

    "ws": ["ws@8.21.0", "", { "peerDependencies": { "bufferutil": "^4.0.1", "utf-8-validate": ">=5.0.2" }, "optionalPeers": ["bufferutil", "utf-8-validate"] }, "sha512-Vsp28b7DRcimFQvrqu2Wek3z1iYxDCWqHYB8Qsnk/S4RfaCQzPGPyBNuVjJV3cd6UiKtUtp6sNM77gWvzcCH+g=="],

    "xtend": ["xtend@4.0.2", "", {}, "sha512-LKYU1iAXJXUgAXn9URjiu+MWhyUXHsvfp7mcuYm9dSUKK0/CjtrUwFAxD82/mCWbtLsGjFIad0wIsod4zrTAEQ=="],

    "yaml": ["yaml@2.9.0", "", { "bin": { "yaml": "bin.mjs" } }, "sha512-2AvhNX3mb8zd6Zy7INTtSpl1F15HW6Wnqj0srWlkKLcpYl/gMIMJiyuGq2KeI2YFxUPjdlB+3Lc10seMLtL4cA=="],

    "pg/pg-connection-string": ["pg-connection-string@2.13.0", "", {}, "sha512-EMnU9E2fSULdsbErBbMaXJvFeD9B4+nPcM3f+4lsiCR0BHLPrLVjv3DbyM2hgQQviKJaTWIRRTjKjWlHg3p2ig=="],

    "pg/pg-types": ["pg-types@2.2.0", "", { "dependencies": { "pg-int8": "1.0.1", "postgres-array": "~2.0.0", "postgres-bytea": "~1.0.0", "postgres-date": "~1.0.4", "postgres-interval": "^1.1.0" } }, "sha512-qTAAlrEsl8s4OiEQY69wDvcMIdQN6wdz5ojQiOy6YRMuynxenON0O5oCpJI6lshc6scgAY8qvJ2On/p+CXY0GA=="],

    "pg/pg-types/postgres-array": ["postgres-array@2.0.0", "", {}, "sha512-VpZrUqU5A69eQyW2c5CA1jtLecCsN2U/bD6VilrFDWq5+5UIEVO7nazS3TEcHf1zuPYO/sqGvUvW62g86RXZuA=="],

    "pg/pg-types/postgres-bytea": ["postgres-bytea@1.0.1", "", {}, "sha512-5+5HqXnsZPE65IJZSMkZtURARZelel2oXUEO8rH83VS/hxH5vv1uHquPg5wZs8yMAfdv971IU+kcPUczi7NVBQ=="],

    "pg/pg-types/postgres-date": ["postgres-date@1.0.7", "", {}, "sha512-suDmjLVQg78nMK2UZ454hAG+OAW+HQPZ6n++TNDUX+L0+uUlLywnoxJKDou51Zm+zTCjrCl0Nq6J9C5hP9vK/Q=="],

    "pg/pg-types/postgres-interval": ["postgres-interval@1.2.0", "", { "dependencies": { "xtend": "^4.0.0" } }, "sha512-9ZhXKM/rw350N1ovuWHbGxnGh/SNJ4cnxHiM0rxE4VN41wsg8P8zWn9hv/buK00RP4WvlOyr/RBDiptyxVbkZQ=="],
  }
}
